Microsoft Visual Studio Solution File, Format Version 12.00
# Visual Studio Version 17
VisualStudioVersion = 17.5.2.0
MinimumVisualStudioVersion = 10.0.40219.1
Project("{FAE04EC0-301F-11D3-BF4B-00C04F79EFBC}") = "FFI", "FFI.csproj", "{C23E424F-5991-F1F3-5F3F-199C84D0E6AF}"
EndProject
Global
	GlobalSection(SolutionConfigurationPlatforms) = preSolution
		Debug|Any CPU = Debug|Any CPU
		Release|Any CPU = Release|Any CPU
	EndGlobalSection
	GlobalSection(ProjectConfigurationPlatforms) = postSolution
		{C23E424F-5991-F1F3-5F3F-199C84D0E6AF}.Debug|Any CPU.ActiveCfg = Debug|Any CPU
		{C23E424F-5991-F1F3-5F3F-199C84D0E6AF}.Debug|Any CPU.Build.0 = Debug|Any CPU
		{C23E424F-5991-F1F3-5F3F-199C84D0E6AF}.Release|Any CPU.ActiveCfg = Release|Any CPU
		{C23E424F-5991-F1F3-5F3F-199C84D0E6AF}.Release|Any CPU.Build.0 = Release|Any CPU
	EndGlobalSection
	GlobalSection(SolutionProperties) = preSolution
		HideSolutionNode = FALSE
	EndGlobalSection
	GlobalSection(ExtensibilityGlobals) = postSolution
		SolutionGuid = {16004B46-CDC9-4638-84DE-718806C33768}
	EndGlobalSection
EndGlobal
